
Microsoft Visual Studio Solution File, Format Version 12.00
# Visual Studio 15
VisualStudioVersion = 15.0.27004.2009
MinimumVisualStudioVersion = 10.0.40219.1
Project("{FAE04EC0-301F-11D3-BF4B-00C04F79EFBC}") = "outpostwars.Tests", "outpostwars.Tests\outpostwars.Tests.csproj", "{8B3F5CA5-5F20-4957-A80D-D620030DB8BF}"
EndProject
Project("{FAE04EC0-301F-11D3-BF4B-00C04F79EFBC}") = "outpostWarsClasses", "outpostWarsClasses\outpostWarsClasses.csproj", "{68591E98-F27C-4350-AD88-37B53FCABE96}"
EndProject
Project("{FAE04EC0-301F-11D3-BF4B-00C04F79EFBC}") = "outpostwarsClassesTests", "outpostwarsClassesTests\outpostwarsClassesTests.csproj", "{D3CC1CEC-C596-4090-90AC-534BB57E5B83}"
EndProject
Project("{FAE04EC0-301F-11D3-BF4B-00C04F79EFBC}") = "outpostwarsdb", "outpostwarsdb\outpostwarsdb.csproj", "{B516452D-2148-412A-AEED-CB0574409857}"
EndProject
Project("{9A19103F-16F7-4668-BE54-9A1E7A4F7556}") = "outpostwarsapiOLDNOTUSED", "outpostwarsapi\outpostwarsapiOLDNOTUSED.csproj", "{FA0CCDB9-E020-4A05-A939-AB85917A12BB}"
EndProject
Project("{FAE04EC0-301F-11D3-BF4B-00C04F79EFBC}") = "outpostwarsAPINET", "outpostwarsAPINET\outpostwarsAPINET.csproj", "{203C5D0B-A93E-477C-A859-5DF98F772F74}"
EndProject
Global
	GlobalSection(SolutionConfigurationPlatforms) = preSolution
		Debug|Any CPU = Debug|Any CPU
		Release|Any CPU = Release|Any CPU
	EndGlobalSection
	GlobalSection(ProjectConfigurationPlatforms) = postSolution
		{8B3F5CA5-5F20-4957-A80D-D620030DB8BF}.Debug|Any CPU.ActiveCfg = Debug|Any CPU
		{8B3F5CA5-5F20-4957-A80D-D620030DB8BF}.Debug|Any CPU.Build.0 = Debug|Any CPU
		{8B3F5CA5-5F20-4957-A80D-D620030DB8BF}.Release|Any CPU.ActiveCfg = Release|Any CPU
		{8B3F5CA5-5F20-4957-A80D-D620030DB8BF}.Release|Any CPU.Build.0 = Release|Any CPU
		{68591E98-F27C-4350-AD88-37B53FCABE96}.Debug|Any CPU.ActiveCfg = Debug|Any CPU
		{68591E98-F27C-4350-AD88-37B53FCABE96}.Debug|Any CPU.Build.0 = Debug|Any CPU
		{68591E98-F27C-4350-AD88-37B53FCABE96}.Release|Any CPU.ActiveCfg = Release|Any CPU
		{68591E98-F27C-4350-AD88-37B53FCABE96}.Release|Any CPU.Build.0 = Release|Any CPU
		{D3CC1CEC-C596-4090-90AC-534BB57E5B83}.Debug|Any CPU.ActiveCfg = Debug|Any CPU
		{D3CC1CEC-C596-4090-90AC-534BB57E5B83}.Debug|Any CPU.Build.0 = Debug|Any CPU
		{D3CC1CEC-C596-4090-90AC-534BB57E5B83}.Release|Any CPU.ActiveCfg = Release|Any CPU
		{D3CC1CEC-C596-4090-90AC-534BB57E5B83}.Release|Any CPU.Build.0 = Release|Any CPU
		{B516452D-2148-412A-AEED-CB0574409857}.Debug|Any CPU.ActiveCfg = Debug|Any CPU
		{B516452D-2148-412A-AEED-CB0574409857}.Debug|Any CPU.Build.0 = Debug|Any CPU
		{B516452D-2148-412A-AEED-CB0574409857}.Release|Any CPU.ActiveCfg = Release|Any CPU
		{B516452D-2148-412A-AEED-CB0574409857}.Release|Any CPU.Build.0 = Release|Any CPU
		{FA0CCDB9-E020-4A05-A939-AB85917A12BB}.Debug|Any CPU.ActiveCfg = Debug|Any CPU
		{FA0CCDB9-E020-4A05-A939-AB85917A12BB}.Debug|Any CPU.Build.0 = Debug|Any CPU
		{FA0CCDB9-E020-4A05-A939-AB85917A12BB}.Release|Any CPU.ActiveCfg = Release|Any CPU
		{FA0CCDB9-E020-4A05-A939-AB85917A12BB}.Release|Any CPU.Build.0 = Release|Any CPU
		{203C5D0B-A93E-477C-A859-5DF98F772F74}.Debug|Any CPU.ActiveCfg = Debug|Any CPU
		{203C5D0B-A93E-477C-A859-5DF98F772F74}.Debug|Any CPU.Build.0 = Debug|Any CPU
		{203C5D0B-A93E-477C-A859-5DF98F772F74}.Release|Any CPU.ActiveCfg = Release|Any CPU
		{203C5D0B-A93E-477C-A859-5DF98F772F74}.Release|Any CPU.Build.0 = Release|Any CPU
	EndGlobalSection
	GlobalSection(SolutionProperties) = preSolution
		HideSolutionNode = FALSE
	EndGlobalSection
	GlobalSection(ExtensibilityGlobals) = postSolution
		SolutionGuid = {57EF8B93-6382-4680-A2E5-99AC4D6AD276}
	EndGlobalSection
EndGlobal
