
Microsoft Visual Studio Solution File, Format Version 12.00
# Visual Studio 15
VisualStudioVersion = 15.0.27428.2037
MinimumVisualStudioVersion = 10.0.40219.1
Project("{FAE04EC0-301F-11D3-BF4B-00C04F79EFBC}") = "WebApplication1", "WebApplication1\WebApplication1.csproj", "{E2B3BC9C-129D-48A1-9338-C7A593A9C402}"
EndProject
Project("{FAE04EC0-301F-11D3-BF4B-00C04F79EFBC}") = "WebApplication1.Tests", "WebApplication1.Tests\WebApplication1.Tests.csproj", "{C01C3676-FB33-4086-A2DD-579288295C47}"
EndProject
Global
	GlobalSection(SolutionConfigurationPlatforms) = preSolution
		Debug|Any CPU = Debug|Any CPU
		Release|Any CPU = Release|Any CPU
	EndGlobalSection
	GlobalSection(ProjectConfigurationPlatforms) = postSolution
		{E2B3BC9C-129D-48A1-9338-C7A593A9C402}.Debug|Any CPU.ActiveCfg = Debug|Any CPU
		{E2B3BC9C-129D-48A1-9338-C7A593A9C402}.Debug|Any CPU.Build.0 = Debug|Any CPU
		{E2B3BC9C-129D-48A1-9338-C7A593A9C402}.Release|Any CPU.ActiveCfg = Release|Any CPU
		{E2B3BC9C-129D-48A1-9338-C7A593A9C402}.Release|Any CPU.Build.0 = Release|Any CPU
		{C01C3676-FB33-4086-A2DD-579288295C47}.Debug|Any CPU.ActiveCfg = Debug|Any CPU
		{C01C3676-FB33-4086-A2DD-579288295C47}.Debug|Any CPU.Build.0 = Debug|Any CPU
		{C01C3676-FB33-4086-A2DD-579288295C47}.Release|Any CPU.ActiveCfg = Release|Any CPU
		{C01C3676-FB33-4086-A2DD-579288295C47}.Release|Any CPU.Build.0 = Release|Any CPU
	EndGlobalSection
	GlobalSection(SolutionProperties) = preSolution
		HideSolutionNode = FALSE
	EndGlobalSection
	GlobalSection(ExtensibilityGlobals) = postSolution
		SolutionGuid = {DC3D491B-0C12-4C96-A83A-847D77E10E99}
	EndGlobalSection
EndGlobal
